
Microsoft Visual Studio Solution File, Format Version 12.00
# Visual Studio 15
VisualStudioVersion = 15.0.27004.2009
MinimumVisualStudioVersion = 10.0.40219.1
Project("{9A19103F-16F7-4668-BE54-9A1E7A4F7556}") = "AWSLambda", "AWSLambda\AWSLambda.csproj", "{E71758EC-2170-41E0-9048-6FCD377AF04F}"
EndProject
Project("{9A19103F-16F7-4668-BE54-9A1E7A4F7556}") = "AWSLambda.Tests", "AWSLambda.Tests\AWSLambda.Tests.csproj", "{0986F44F-36D0-4874-9F88-90F91C7F4C14}"
EndProject
Global
	GlobalSection(SolutionConfigurationPlatforms) = preSolution
		Debug|Any CPU = Debug|Any CPU
		Release|Any CPU = Release|Any CPU
	EndGlobalSection
	GlobalSection(ProjectConfigurationPlatforms) = postSolution
		{E71758EC-2170-41E0-9048-6FCD377AF04F}.Debug|Any CPU.ActiveCfg = Debug|Any CPU
		{E71758EC-2170-41E0-9048-6FCD377AF04F}.Debug|Any CPU.Build.0 = Debug|Any CPU
		{E71758EC-2170-41E0-9048-6FCD377AF04F}.Release|Any CPU.ActiveCfg = Release|Any CPU
		{E71758EC-2170-41E0-9048-6FCD377AF04F}.Release|Any CPU.Build.0 = Release|Any CPU
		{0986F44F-36D0-4874-9F88-90F91C7F4C14}.Debug|Any CPU.ActiveCfg = Debug|Any CPU
		{0986F44F-36D0-4874-9F88-90F91C7F4C14}.Debug|Any CPU.Build.0 = Debug|Any CPU
		{0986F44F-36D0-4874-9F88-90F91C7F4C14}.Release|Any CPU.ActiveCfg = Release|Any CPU
		{0986F44F-36D0-4874-9F88-90F91C7F4C14}.Release|Any CPU.Build.0 = Release|Any CPU
	EndGlobalSection
	GlobalSection(SolutionProperties) = preSolution
		HideSolutionNode = FALSE
	EndGlobalSection
	GlobalSection(ExtensibilityGlobals) = postSolution
		SolutionGuid = {B2E4F6E3-75B7-4088-8A1D-4D295D6AA0E1}
	EndGlobalSection
EndGlobal
